
Microsoft Visual Studio Solution File, Format Version 12.00
# Visual Studio Version 16
VisualStudioVersion = 16.0.31105.61
MinimumVisualStudioVersion = 10.0.40219.1
Project("{9A19103F-16F7-4668-BE54-9A1E7A4F7556}") = "FortuneWheel", "FortuneWheel\FortuneWheel.csproj", "{D0A8F394-DD53-4968-A762-FB7447CF5AD1}"
EndProject
Project("{FAE04EC0-301F-11D3-BF4B-00C04F79EFBC}") = "FortuneWheelLibrary", "FortuneWheelLibrary\FortuneWheelLibrary.csproj", "{B99BCB8A-C124-4795-AC86-2D3C492A77DF}"
EndProject
Project("{FAE04EC0-301F-11D3-BF4B-00C04F79EFBC}") = "FortuneWheelService", "FortuneWheelService\FortuneWheelService.csproj", "{C264DB8E-1E1E-45F8-9C96-1B01D03CA44A}"
EndProject
Global
	GlobalSection(SolutionConfigurationPlatforms) = preSolution
		Debug|Any CPU = Debug|Any CPU
		Release|Any CPU = Release|Any CPU
	EndGlobalSection
	GlobalSection(ProjectConfigurationPlatforms) = postSolution
		{D0A8F394-DD53-4968-A762-FB7447CF5AD1}.Debug|Any CPU.ActiveCfg = Debug|Any CPU
		{D0A8F394-DD53-4968-A762-FB7447CF5AD1}.Debug|Any CPU.Build.0 = Debug|Any CPU
		{D0A8F394-DD53-4968-A762-FB7447CF5AD1}.Release|Any CPU.ActiveCfg = Release|Any CPU
		{D0A8F394-DD53-4968-A762-FB7447CF5AD1}.Release|Any CPU.Build.0 = Release|Any CPU
		{B99BCB8A-C124-4795-AC86-2D3C492A77DF}.Debug|Any CPU.ActiveCfg = Debug|Any CPU
		{B99BCB8A-C124-4795-AC86-2D3C492A77DF}.Debug|Any CPU.Build.0 = Debug|Any CPU
		{B99BCB8A-C124-4795-AC86-2D3C492A77DF}.Release|Any CPU.ActiveCfg = Release|Any CPU
		{B99BCB8A-C124-4795-AC86-2D3C492A77DF}.Release|Any CPU.Build.0 = Release|Any CPU
		{C264DB8E-1E1E-45F8-9C96-1B01D03CA44A}.Debug|Any CPU.ActiveCfg = Debug|Any CPU
		{C264DB8E-1E1E-45F8-9C96-1B01D03CA44A}.Debug|Any CPU.Build.0 = Debug|Any CPU
		{C264DB8E-1E1E-45F8-9C96-1B01D03CA44A}.Release|Any CPU.ActiveCfg = Release|Any CPU
		{C264DB8E-1E1E-45F8-9C96-1B01D03CA44A}.Release|Any CPU.Build.0 = Release|Any CPU
	EndGlobalSection
	GlobalSection(SolutionProperties) = preSolution
		HideSolutionNode = FALSE
	EndGlobalSection
	GlobalSection(ExtensibilityGlobals) = postSolution
		SolutionGuid = {E7DE7844-7A2A-48EF-B8F4-A9016D193336}
	EndGlobalSection
EndGlobal
